
Microsoft Visual Studio Solution File, Format Version 12.00
# Visual Studio Version 17
VisualStudioVersion = 17.8.34525.116
MinimumVisualStudioVersion = 10.0.40219.1
Project("{FAE04EC0-301F-11D3-BF4B-00C04F79EFBC}") = "backend_eva", "backend_eva\backend_eva.csproj", "{FA232AFF-93FD-49BC-BF94-2DE8B388E792}"
EndProject
Global
	GlobalSection(SolutionConfigurationPlatforms) = preSolution
		Debug|Any CPU = Debug|Any CPU
		Release|Any CPU = Release|Any CPU
	EndGlobalSection
	GlobalSection(ProjectConfigurationPlatforms) = postSolution
		{FA232AFF-93FD-49BC-BF94-2DE8B388E792}.Debug|Any CPU.ActiveCfg = Debug|Any CPU
		{FA232AFF-93FD-49BC-BF94-2DE8B388E792}.Debug|Any CPU.Build.0 = Debug|Any CPU
		{FA232AFF-93FD-49BC-BF94-2DE8B388E792}.Release|Any CPU.ActiveCfg = Release|Any CPU
		{FA232AFF-93FD-49BC-BF94-2DE8B388E792}.Release|Any CPU.Build.0 = Release|Any CPU
	EndGlobalSection
	GlobalSection(SolutionProperties) = preSolution
		HideSolutionNode = FALSE
	EndGlobalSection
	GlobalSection(ExtensibilityGlobals) = postSolution
		SolutionGuid = {24FF9167-ADD9-40FB-84B9-EB833DA0A025}
	EndGlobalSection
EndGlobal
